
Microsoft Visual Studio Solution File, Format Version 12.00
# Visual Studio Version 17
VisualStudioVersion = 17.5.33424.131
MinimumVisualStudioVersion = 10.0.40219.1
Project("{FAE04EC0-301F-11D3-BF4B-00C04F79EFBC}") = "VerificadorDatas", "VerificadorDatas\VerificadorDatas.csproj", "{7A58DE48-A59C-4394-8BEF-EF9682A64986}"
EndProject
Project("{FAE04EC0-301F-11D3-BF4B-00C04F79EFBC}") = "VerificadorDatas.TestesUnitarios", "VerificadorDatas.TestesUnitarios\VerificadorDatas.TestesUnitarios.csproj", "{1A55BF6E-AD53-4723-98BB-E298C6E96776}"
EndProject
Global
	GlobalSection(SolutionConfigurationPlatforms) = preSolution
		Debug|Any CPU = Debug|Any CPU
		Release|Any CPU = Release|Any CPU
	EndGlobalSection
	GlobalSection(ProjectConfigurationPlatforms) = postSolution
		{7A58DE48-A59C-4394-8BEF-EF9682A64986}.Debug|Any CPU.ActiveCfg = Debug|Any CPU
		{7A58DE48-A59C-4394-8BEF-EF9682A64986}.Debug|Any CPU.Build.0 = Debug|Any CPU
		{7A58DE48-A59C-4394-8BEF-EF9682A64986}.Release|Any CPU.ActiveCfg = Release|Any CPU
		{7A58DE48-A59C-4394-8BEF-EF9682A64986}.Release|Any CPU.Build.0 = Release|Any CPU
		{1A55BF6E-AD53-4723-98BB-E298C6E96776}.Debug|Any CPU.ActiveCfg = Debug|Any CPU
		{1A55BF6E-AD53-4723-98BB-E298C6E96776}.Debug|Any CPU.Build.0 = Debug|Any CPU
		{1A55BF6E-AD53-4723-98BB-E298C6E96776}.Release|Any CPU.ActiveCfg = Release|Any CPU
		{1A55BF6E-AD53-4723-98BB-E298C6E96776}.Release|Any CPU.Build.0 = Release|Any CPU
	EndGlobalSection
	GlobalSection(SolutionProperties) = preSolution
		HideSolutionNode = FALSE
	EndGlobalSection
	GlobalSection(ExtensibilityGlobals) = postSolution
		SolutionGuid = {44357772-8DD0-452F-AD62-636687A59E59}
	EndGlobalSection
EndGlobal
